
Microsoft Visual Studio Solution File, Format Version 12.00
# Visual Studio Version 17
VisualStudioVersion = 17.3.32922.545
MinimumVisualStudioVersion = 10.0.40219.1
Project("{2150E333-8FDC-42A3-9474-1A3956D46DE8}") = "samples", "samples", "{E94958C3-5109-4384-A9CB-E165EC5754CE}"
EndProject
Project("{9A19103F-16F7-4668-BE54-9A1E7A4F7556}") = "NanoUIDemos", "samples\NanoUIDemos\NanoUIDemos.csproj", "{33CED804-2C8B-4E40-9B38-98E513572D8B}"
EndProject
Project("{9A19103F-16F7-4668-BE54-9A1E7A4F7556}") = "NanoUI", "source\NanoUI.csproj", "{5430BD17-1224-4E66-8A3F-FC15556CC869}"
EndProject
Project("{FAE04EC0-301F-11D3-BF4B-00C04F79EFBC}") = "SDL3Example", "samples\SDL3Example\SDL3Example.csproj", "{450029C5-6AED-F0D1-9740-D7745ED869C9}"
EndProject
Project("{FAE04EC0-301F-11D3-BF4B-00C04F79EFBC}") = "VeldridExample", "samples\VeldridExample\VeldridExample.csproj", "{FF71A6C9-56DB-4263-E789-D6FF34659985}"
EndProject
Global
	GlobalSection(SolutionConfigurationPlatforms) = preSolution
		Debug|Any CPU = Debug|Any CPU
		Release|Any CPU = Release|Any CPU
	EndGlobalSection
	GlobalSection(ProjectConfigurationPlatforms) = postSolution
		{33CED804-2C8B-4E40-9B38-98E513572D8B}.Debug|Any CPU.ActiveCfg = Debug|Any CPU
		{33CED804-2C8B-4E40-9B38-98E513572D8B}.Debug|Any CPU.Build.0 = Debug|Any CPU
		{33CED804-2C8B-4E40-9B38-98E513572D8B}.Release|Any CPU.ActiveCfg = Release|Any CPU
		{33CED804-2C8B-4E40-9B38-98E513572D8B}.Release|Any CPU.Build.0 = Release|Any CPU
		{5430BD17-1224-4E66-8A3F-FC15556CC869}.Debug|Any CPU.ActiveCfg = Debug|Any CPU
		{5430BD17-1224-4E66-8A3F-FC15556CC869}.Debug|Any CPU.Build.0 = Debug|Any CPU
		{5430BD17-1224-4E66-8A3F-FC15556CC869}.Release|Any CPU.ActiveCfg = Release|Any CPU
		{5430BD17-1224-4E66-8A3F-FC15556CC869}.Release|Any CPU.Build.0 = Release|Any CPU
		{450029C5-6AED-F0D1-9740-D7745ED869C9}.Debug|Any CPU.ActiveCfg = Debug|Any CPU
		{450029C5-6AED-F0D1-9740-D7745ED869C9}.Debug|Any CPU.Build.0 = Debug|Any CPU
		{450029C5-6AED-F0D1-9740-D7745ED869C9}.Release|Any CPU.ActiveCfg = Release|Any CPU
		{450029C5-6AED-F0D1-9740-D7745ED869C9}.Release|Any CPU.Build.0 = Release|Any CPU
		{FF71A6C9-56DB-4263-E789-D6FF34659985}.Debug|Any CPU.ActiveCfg = Debug|Any CPU
		{FF71A6C9-56DB-4263-E789-D6FF34659985}.Debug|Any CPU.Build.0 = Debug|Any CPU
		{FF71A6C9-56DB-4263-E789-D6FF34659985}.Release|Any CPU.ActiveCfg = Release|Any CPU
		{FF71A6C9-56DB-4263-E789-D6FF34659985}.Release|Any CPU.Build.0 = Release|Any CPU
	EndGlobalSection
	GlobalSection(SolutionProperties) = preSolution
		HideSolutionNode = FALSE
	EndGlobalSection
	GlobalSection(NestedProjects) = preSolution
		{33CED804-2C8B-4E40-9B38-98E513572D8B} = {E94958C3-5109-4384-A9CB-E165EC5754CE}
		{450029C5-6AED-F0D1-9740-D7745ED869C9} = {E94958C3-5109-4384-A9CB-E165EC5754CE}
		{FF71A6C9-56DB-4263-E789-D6FF34659985} = {E94958C3-5109-4384-A9CB-E165EC5754CE}
	EndGlobalSection
	GlobalSection(ExtensibilityGlobals) = postSolution
		SolutionGuid = {08FE0BD8-4253-419D-9FBF-7F9671C9AAC2}
	EndGlobalSection
EndGlobal
