
Microsoft Visual Studio Solution File, Format Version 12.00
# Visual Studio Version 17
VisualStudioVersion = 17.14.36414.22
MinimumVisualStudioVersion = 10.0.40219.1
Project("{FAE04EC0-301F-11D3-BF4B-00C04F79EFBC}") = "MonoGameExample", "MonoGameExample\MonoGameExample.csproj", "{B3F88A80-8C0C-4E42-AF64-1E025C8A21DF}"
EndProject
Project("{FAE04EC0-301F-11D3-BF4B-00C04F79EFBC}") = "NanoUIDemos", "NanoUIDemos\NanoUIDemos.csproj", "{DD43AB41-304F-DAAA-7C3A-3F0EB1052F7A}"
EndProject
Global
	GlobalSection(SolutionConfigurationPlatforms) = preSolution
		Debug|Any CPU = Debug|Any CPU
		Release|Any CPU = Release|Any CPU
	EndGlobalSection
	GlobalSection(ProjectConfigurationPlatforms) = postSolution
		{B3F88A80-8C0C-4E42-AF64-1E025C8A21DF}.Debug|Any CPU.ActiveCfg = Debug|Any CPU
		{B3F88A80-8C0C-4E42-AF64-1E025C8A21DF}.Debug|Any CPU.Build.0 = Debug|Any CPU
		{B3F88A80-8C0C-4E42-AF64-1E025C8A21DF}.Release|Any CPU.ActiveCfg = Release|Any CPU
		{B3F88A80-8C0C-4E42-AF64-1E025C8A21DF}.Release|Any CPU.Build.0 = Release|Any CPU
		{DD43AB41-304F-DAAA-7C3A-3F0EB1052F7A}.Debug|Any CPU.ActiveCfg = Debug|Any CPU
		{DD43AB41-304F-DAAA-7C3A-3F0EB1052F7A}.Debug|Any CPU.Build.0 = Debug|Any CPU
		{DD43AB41-304F-DAAA-7C3A-3F0EB1052F7A}.Release|Any CPU.ActiveCfg = Release|Any CPU
		{DD43AB41-304F-DAAA-7C3A-3F0EB1052F7A}.Release|Any CPU.Build.0 = Release|Any CPU
	EndGlobalSection
	GlobalSection(SolutionProperties) = preSolution
		HideSolutionNode = FALSE
	EndGlobalSection
	GlobalSection(ExtensibilityGlobals) = postSolution
		SolutionGuid = {272B5F39-B607-48D3-875D-327304E3AD7F}
	EndGlobalSection
EndGlobal
